{
    "_readme": [
        "This file locks the dependencies of your project to a known state",
        "Read more about it at https://getcomposer.org/doc/01-basic-usage.md#installing-dependencies",
        "This file is @generated automatically"
    ],
    "content-hash": "b5822336b5bbb0f805071f54cc840fc4",
    "packages": [
        {
            "name": "matthiasmullie/minify",
            "version": "1.3.69",
            "source": {
                "type": "git",
                "url": "https://github.com/matthiasmullie/minify.git",
                "reference": "a61c949cccd086808063611ef9698eabe42ef22f"
            },
            "dist": {
                "type": "zip",
                "url": "https://api.github.com/repos/matthiasmullie/minify/zipball/a61c949cccd086808063611ef9698eabe42ef22f",
                "reference": "a61c949cccd086808063611ef9698eabe42ef22f",
                "shasum": ""
            },
            "require": {
                "ext-pcre": "*",
                "matthiasmullie/path-converter": "~1.1",
                "php": ">=5.3.0"
            },
            "require-dev": {
                "friendsofphp/php-cs-fixer": "~2.0",
                "matthiasmullie/scrapbook": "dev-master",
                "phpunit/phpunit": ">=4.8"
            },
            "suggest": {
                "psr/cache-implementation": "Cache implementation to use with Minify::cache"
            },
            "bin": [
                "bin/minifycss",
                "bin/minifyjs"
            ],
            "type": "library",
            "autoload": {
                "psr-4": {
                    "MatthiasMullie\\Minify\\": "src/"
                }
            },
            "notification-url": "https://packagist.org/downloads/",
            "license": [
                "MIT"
            ],
            "authors": [
                {
                    "name": "Matthias Mullie",
                    "email": "minify@mullie.eu",
                    "homepage": "http://www.mullie.eu",
                    "role": "Developer"
                }
            ],
            "description": "CSS & JavaScript minifier, in PHP. Removes whitespace, strips comments, combines files (incl. @import statements and small assets in CSS files), and optimizes/shortens a few common programming patterns.",
            "homepage": "http://www.minifier.org",
            "keywords": [
                "JS",
                "css",
                "javascript",
                "minifier",
                "minify"
            ],
            "support": {
                "issues": "https://github.com/matthiasmullie/minify/issues",
                "source": "https://github.com/matthiasmullie/minify/tree/1.3.69"
            },
            "funding": [
                {
                    "url": "https://github.com/matthiasmullie",
                    "type": "github"
                }
            ],
            "time": "2022-08-01T09:00:18+00:00"
        },
        {
            "name": "matthiasmullie/path-converter",
            "version": "1.1.3",
            "source": {
                "type": "git",
                "url": "https://github.com/matthiasmullie/path-converter.git",
                "reference": "e7d13b2c7e2f2268e1424aaed02085518afa02d9"
            },
            "dist": {
                "type": "zip",
                "url": "https://api.github.com/repos/matthiasmullie/path-converter/zipball/e7d13b2c7e2f2268e1424aaed02085518afa02d9",
                "reference": "e7d13b2c7e2f2268e1424aaed02085518afa02d9",
                "shasum": ""
            },
            "require": {
                "ext-pcre": "*",
                "php": ">=5.3.0"
            },
            "require-dev": {
                "phpunit/phpunit": "~4.8"
            },
            "type": "library",
            "autoload": {
                "psr-4": {
                    "MatthiasMullie\\PathConverter\\": "src/"
                }
            },
            "notification-url": "https://packagist.org/downloads/",
            "license": [
                "MIT"
            ],
            "authors": [
                {
                    "name": "Matthias Mullie",
                    "email": "pathconverter@mullie.eu",
                    "homepage": "http://www.mullie.eu",
                    "role": "Developer"
                }
            ],
            "description": "Relative path converter",
            "homepage": "http://github.com/matthiasmullie/path-converter",
            "keywords": [
                "converter",
                "path",
                "paths",
                "relative"
            ],
            "support": {
                "issues": "https://github.com/matthiasmullie/path-converter/issues",
                "source": "https://github.com/matthiasmullie/path-converter/tree/1.1.3"
            },
            "time": "2019-02-05T23:41:09+00:00"
        },
        {
            "name": "victorwesterlund/functionflags",
            "version": "1.0.1",
            "source": {
                "type": "git",
                "url": "https://github.com/VictorWesterlund/functionflags.git",
                "reference": "08d4ae3d68a631965e85b635067f9a2d24a9696d"
            },
            "dist": {
                "type": "zip",
                "url": "https://api.github.com/repos/VictorWesterlund/functionflags/zipball/08d4ae3d68a631965e85b635067f9a2d24a9696d",
                "reference": "08d4ae3d68a631965e85b635067f9a2d24a9696d",
                "shasum": ""
            },
            "type": "library",
            "autoload": {
                "psr-4": {
                    "FunctionFlags\\": "src/"
                }
            },
            "notification-url": "https://packagist.org/downloads/",
            "license": [
                "GPL-3.0-only"
            ],
            "authors": [
                {
                    "name": "Victor Westerlund",
                    "email": "victor.vesterlund@gmail.com"
                }
            ],
            "description": "An attempt to tame PHP constants for use as function/method flags",
            "support": {
                "issues": "https://github.com/VictorWesterlund/functionflags/issues",
                "source": "https://github.com/VictorWesterlund/functionflags/tree/1.0.1"
            },
            "time": "2023-03-17T09:29:00+00:00"
        }
    ],
    "packages-dev": [],
    "aliases": [],
    "minimum-stability": "stable",
    "stability-flags": [],
    "prefer-stable": false,
    "prefer-lowest": false,
    "platform": [],
    "platform-dev": [],
    "plugin-api-version": "2.0.0"
}
